---
lockfileVersion: '9.0'

importers:

  .:
    configDependencies: {}
    packageManagerDependencies:
      pnpm:
        specifier: 12.4.2
        version: 12.4.2

packages:

  '@pnpm/exe.android-arm64@12.4.2':
    resolution: {integrity: sha512-E255MbcQ0V1577M2BV0ajWuP7KmTPYA0jqZnk3rK6Lq3kTvZWulMMb7iqRmnLsQbyWTkMEB2CfyM70loVDA8xg==}
    cpu: [arm64]
    os: [android]

  '@pnpm/exe.android-x64@12.4.2':
    resolution: {integrity: sha512-J1pSeCUwuKxMG70ZzpWn8JzElxiEa8NN/3N0SlZRtU2xbztChaJCKF3HaBNIj9yPfeofWzJo/lwNvDDjraQuZw==}
    cpu: [x64]
    os: [android]

  '@pnpm/exe.darwin-arm64@12.4.2':
    resolution: {integrity: sha512-A0WDo8iErfZBXgrLseQxw8i8Y9ctUpOEl/Uu+cubnTzpD8tT9ykIB548L8YTM2WD4OS+ZOHSxy8aGZcvKq8PaQ==}
    cpu: [arm64]
    os: [darwin]

  '@pnpm/exe.darwin-x64@12.4.2':
    resolution: {integrity: sha512-MSgJdovBWHcb5DEOvfPH9yNi/T5O1Xa4ess+E1ESGo/5yuty7S4JoiIjami+fsNXfnoQMlwsMUqYU4zAvBcNCw==}
    cpu: [x64]
    os: [darwin]

  '@pnpm/exe.freebsd-x64@12.4.2':
    resolution: {integrity: sha512-h2YumlQSNvgbRPv+RXwABohX65f9bOBZn+jMIt7bFDISZPCzQ+Nvpt6Awbp4ip5PwQgYxbu5iREJ1fHE39Fm8A==}
    cpu: [x64]
    os: [freebsd]

  '@pnpm/exe.linux-arm64-musl@12.4.2':
    resolution: {integrity: sha512-LwSEtSEDTv6S51YLs3YvSkPyun/QmfMic1UGICUkPWFu6ByP43RdMlkKvmVkfGhAYCpnxO057vrmyJqtfZrPCA==}
    cpu: [arm64]
    os: [linux]
    libc: [musl]

  '@pnpm/exe.linux-arm64@12.4.2':
    resolution: {integrity: sha512-2dSiDXyhx+RTHsewxex8f/jVjqQXWJ2oow4kCVHEWdZKeBpgMxvZ6fHkTAUBJXgqhbKIDHvuNlZBP7gJfUWL5A==}
    cpu: [arm64]
    os: [linux]
    libc: [glibc]

  '@pnpm/exe.linux-ppc64@12.4.2':
    resolution: {integrity: sha512-8Itc+jQk+MTz04LS9D1RcH+VctAWmzM4l1cJQ+Sx7pAJNo7EKHdRMbC0Tok1jyQ7eEHNJZD5EleYneZqWfZM+g==}
    cpu: [ppc64]
    os: [linux]
    libc: [glibc]

  '@pnpm/exe.linux-riscv64@12.4.2':
    resolution: {integrity: sha512-hleOeqhTVpH+z9RVMGnxvU4ZnrkBUClWjCbHD9u6kwyqhGSpevoU1wTGish+CBRhmIgMAy9pAfFpqhbAKOKNfw==}
    cpu: [riscv64]
    os: [linux]
    libc: [glibc]

  '@pnpm/exe.linux-s390x@12.4.2':
    resolution: {integrity: sha512-LAsQRRdP9aToENR6dtcIJ9l+e1zMYOX0tQcLGpRyLPVBQcYRLlvAPcmDshsiIHQjp05SDa9FI0czX1ZQ1a7a/A==}
    cpu: [s390x]
    os: [linux]
    libc: [glibc]

  '@pnpm/exe.linux-x64-musl@12.4.2':
    resolution: {integrity: sha512-kzfzH2/0BWdTABK14Yj5a1xsdkTEQUp2eXEPNakaD9jKL025lq3hyaKHIz/gIZaPDMe/1bFFK/En4ztFlbBJxw==}
    cpu: [x64]
    os: [linux]
    libc: [musl]

  '@pnpm/exe.linux-x64@12.4.2':
    resolution: {integrity: sha512-/pbt0UVTa8NMDhzOWLQRfZ6G9ROKXlJPZtx845BqyWfc7hCrWXhTLBd70yO2y8+E+IWN3oHM1s/JsIQNGk1yvg==}
    cpu: [x64]
    os: [linux]
    libc: [glibc]

  '@pnpm/exe.win32-arm64@12.4.2':
    resolution: {integrity: sha512-PsW19e4dAUNpZ0cS9flaxFuAmpt2dKlH/Vvi8TZ4qyJjjQzue/CEsWm+6wKVP4CJ7IT8RdL4qh+soOPWIgF2Zw==}
    cpu: [arm64]
    os: [win32]

  '@pnpm/exe.win32-x64@12.4.2':
    resolution: {integrity: sha512-+xGoeE0g55ztWvl8i5QqdmNfW3nIrTVcoQrNshEOwxthm9Ag48oXton3uxOA3/SANyz5AXexEjj2KO20NnOrEw==}
    cpu: [x64]
    os: [win32]

  pnpm@12.4.2:
    resolution: {integrity: sha512-CK3GYTGAJ1x8ntraOdzwjJxhrU5+rzMKTzRh8QKw+QdCNFTRF/mOctR/7wYWBwZE17/8lzpqV/UJCm18NosHyQ==}
    engines: {node: '>=18.*'}
    hasBin: true

snapshots:

  '@pnpm/exe.android-arm64@12.4.2':
    optional: true

  '@pnpm/exe.android-x64@12.4.2':
    optional: true

  '@pnpm/exe.darwin-arm64@12.4.2':
    optional: true

  '@pnpm/exe.darwin-x64@12.4.2':
    optional: true

  '@pnpm/exe.freebsd-x64@12.4.2':
    optional: true

  '@pnpm/exe.linux-arm64-musl@12.4.2':
    optional: true

  '@pnpm/exe.linux-arm64@12.4.2':
    optional: true

  '@pnpm/exe.linux-ppc64@12.4.2':
    optional: true

  '@pnpm/exe.linux-riscv64@12.4.2':
    optional: true

  '@pnpm/exe.linux-s390x@12.4.2':
    optional: true

  '@pnpm/exe.linux-x64-musl@12.4.2':
    optional: true

  '@pnpm/exe.linux-x64@12.4.2':
    optional: true

  '@pnpm/exe.win32-arm64@12.4.2':
    optional: true

  '@pnpm/exe.win32-x64@12.4.2':
    optional: true

  pnpm@12.4.2:
    optionalDependencies:
      '@pnpm/exe.android-arm64': 12.4.2
      '@pnpm/exe.android-x64': 12.4.2
      '@pnpm/exe.darwin-arm64': 12.4.2
      '@pnpm/exe.darwin-x64': 12.4.2
      '@pnpm/exe.freebsd-x64': 12.4.2
      '@pnpm/exe.linux-arm64': 12.4.2
      '@pnpm/exe.linux-arm64-musl': 12.4.2
      '@pnpm/exe.linux-ppc64': 12.4.2
      '@pnpm/exe.linux-riscv64': 12.4.2
      '@pnpm/exe.linux-s390x': 12.4.2
      '@pnpm/exe.linux-x64': 12.4.2
      '@pnpm/exe.linux-x64-musl': 12.4.2
      '@pnpm/exe.win32-arm64': 12.4.2
      '@pnpm/exe.win32-x64': 12.4.2

---
lockfileVersion: '9.0'

settings:
  autoInstallPeers: true
  excludeLinksFromLockfile: false

importers:

  .:
    dependencies:
      '@hexium-softworks/log':
        specifier: ^1.0.1
        version: 1.0.1
      '@quenty/loader':
        specifier: 10.11.0
        version: 10.11.0
      '@quenty/maid':
        specifier: ^3.12.0
        version: 3.12.0
      '@quenty/promise':
        specifier: ^4.0.0
        version: 4.2.0
      '@quenty/servicebag':
        specifier: ^11.21.0
        version: 11.21.0
      '@quenty/signal':
        specifier: ^7.13.2
        version: 7.13.2
    devDependencies:
      '@quenty/nevermore-test-runner':
        specifier: 1.4.0
        version: 1.4.0
      '@quentystudios/jest-lua':
        specifier: 3.10.0-quenty.2
        version: 3.10.0-quenty.2

packages:

  '@hexium-softworks/log@1.0.1':
    resolution: {integrity: sha512-ikR7Thye+J9Nap2eHrJsac5bTiuipeuRz0b2zYnrvHrwqRjod6wbKOREjvCmISHmksACR4pP8JP/14iaqxNN0A==}

  '@quenty/baseobject@10.16.0':
    resolution: {integrity: sha512-9czIByHnoNMa4J7ZbhP4k1L8wtHMlKU0LqTTeiIhIQ0ndrUy+0JFh7gjHxQ9q3o+RJnCH5/UGicFhQupHGPsig==}

  '@quenty/deferred@2.3.2':
    resolution: {integrity: sha512-/8C9cJtnsRa+hvmW5Q94JdZtUz+OUg1+oGq2/3PHTWCoVtmwLTxR+5AHpYzQKaitEIxAIQaZqhuhp5mOTMteTw==}

  '@quenty/loader@10.11.0':
    resolution: {integrity: sha512-dijfRLI2bouQjt9OG20aL7waEzJNzzFMXC3+NFm2meCQ7jvCTI5EgmW3eYZHmegFAzmrWtogbQPNR+pIb8T3Zg==}

  '@quenty/loader@10.11.1':
    resolution: {integrity: sha512-HPZhnFozgOIyShf6csD4Na3A1rTJrD6K6uERe069jC9iNaMdDj8qtgkdmqssK7SGaXV3l27h5kmbBDsryANOGA==}

  '@quenty/loader@4.1.0':
    resolution: {integrity: sha512-LQ1fHidXhDAq5LqyafsSLvW2wlH7/5Aihq8lOpFnitqXQaEihP4Bckr3Pd+5MEO86NXE9ogT0pRICpE5GiUWsg==}

  '@quenty/maid@2.6.0':
    resolution: {integrity: sha512-rIo3S55ZsEmzDIXklh+mSzBEbw3GxhkTUDjsN5oNmhAOWsVYcPOVdq87l/KYMmY5gX44mW3a/gUdxYay5mD+6A==}

  '@quenty/maid@3.12.0':
    resolution: {integrity: sha512-4WRNa6YypPMMYsj20ryHZ+X0h18psqZAMNahjsmCKZoYKOzv4gbofdBCs530ig+9o4Q78Z4roz2iSAwF1fruxg==}

  '@quenty/nevermore-test-runner@1.4.0':
    resolution: {integrity: sha512-mlscddpT+16AY3sW8mJoHoD4nDR94viNQ1sWKC0//bZRaTOHColG2YqE+p6uykeOPXMuwG87c4g0BgjSNJybHQ==}

  '@quenty/nevermore-test-runner@1.6.0':
    resolution: {integrity: sha512-P+ilZn+UCtPJ/LBIErEgZrRKASIBaJYdxaIx1ca8SM3zwY35TobcYsdZLfboBdhfyHz5Wgxvl42wIWQtuTpxSQ==}

  '@quenty/promise@4.2.0':
    resolution: {integrity: sha512-dXqzuceEGlsCA/VfMT2v4D6MPeiuy23JbXPUzUb72Nk0k4BuLgdNA2RkV5WP/ovypuLFT9wN3AqQBO/YEC2JDA==}

  '@quenty/servicebag@11.21.0':
    resolution: {integrity: sha512-iAWFdR2wL/+LuEB5sIQEXlLPT767XC7mGM3tVXxURLyBeECiGFj7vXs/bQWQ3FhqY3/DEp/JT/8fXDmDHII8Ig==}

  '@quenty/signal@7.13.2':
    resolution: {integrity: sha512-jOLfC8XLxZBr0vpjHA52UT3/hox6j6oa/DkGv6OL8ZMRLSVR5Ppr1O5eDRbIsdcze/yG/J9jQ2xWx8eHLBgPUw==}

  '@quentystudios/jest-lua@3.10.0-quenty.2':
    resolution: {integrity: sha512-TE7vhnYjygcBjjqeKLsmbwxhJeiDeekh/E2xcvQ0VZAwHNr+Yn1pk1n/PRJu+KtH2fWYkw20pQO4o/hKPs0lRA==}

snapshots:

  '@hexium-softworks/log@1.0.1':
    dependencies:
      '@quenty/loader': 10.11.0

  '@quenty/baseobject@10.16.0':
    dependencies:
      '@quenty/loader': 10.11.1
      '@quenty/maid': 3.12.0

  '@quenty/deferred@2.3.2': {}

  '@quenty/loader@10.11.0': {}

  '@quenty/loader@10.11.1': {}

  '@quenty/loader@4.1.0': {}

  '@quenty/maid@2.6.0': {}

  '@quenty/maid@3.12.0':
    dependencies:
      '@quenty/loader': 10.11.1
      '@quenty/nevermore-test-runner': 1.6.0
      '@quentystudios/jest-lua': 3.10.0-quenty.2

  '@quenty/nevermore-test-runner@1.4.0':
    dependencies:
      '@quenty/loader': 10.11.0
      '@quentystudios/jest-lua': 3.10.0-quenty.2

  '@quenty/nevermore-test-runner@1.6.0':
    dependencies:
      '@quenty/loader': 10.11.1
      '@quentystudios/jest-lua': 3.10.0-quenty.2

  '@quenty/promise@4.2.0':
    dependencies:
      '@quenty/deferred': 2.3.2
      '@quenty/loader': 4.1.0
      '@quenty/maid': 2.6.0

  '@quenty/servicebag@11.21.0':
    dependencies:
      '@quenty/baseobject': 10.16.0
      '@quenty/loader': 10.11.1
      '@quenty/nevermore-test-runner': 1.6.0
      '@quenty/signal': 7.13.2
      '@quentystudios/jest-lua': 3.10.0-quenty.2

  '@quenty/signal@7.13.2':
    dependencies:
      '@quenty/loader': 10.11.1

  '@quentystudios/jest-lua@3.10.0-quenty.2': {}
